
Microsoft Visual Studio Solution File, Format Version 12.00
# Visual Studio Version 16
VisualStudioVersion = 16.0.34114.132
MinimumVisualStudioVersion = 10.0.40219.1
Project("{FAE04EC0-301F-11D3-BF4B-00C04F79EFBC}") = "goruntu_isleme_proje", "goruntu_isleme_proje\goruntu_isleme_proje.csproj", "{35A122E0-B879-41CA-84F9-626645760A0C}"
EndProject
Global
	GlobalSection(SolutionConfigurationPlatforms) = preSolution
		Debug|Any CPU = Debug|Any CPU
		Release|Any CPU = Release|Any CPU
	EndGlobalSection
	GlobalSection(ProjectConfigurationPlatforms) = postSolution
		{35A122E0-B879-41CA-84F9-626645760A0C}.Debug|Any CPU.ActiveCfg = Debug|Any CPU
		{35A122E0-B879-41CA-84F9-626645760A0C}.Debug|Any CPU.Build.0 = Debug|Any CPU
		{35A122E0-B879-41CA-84F9-626645760A0C}.Release|Any CPU.ActiveCfg = Release|Any CPU
		{35A122E0-B879-41CA-84F9-626645760A0C}.Release|Any CPU.Build.0 = Release|Any CPU
	EndGlobalSection
	GlobalSection(SolutionProperties) = preSolution
		HideSolutionNode = FALSE
	EndGlobalSection
	GlobalSection(ExtensibilityGlobals) = postSolution
		SolutionGuid = {9E448DAA-364B-4539-824C-4BCF450ABACB}
	EndGlobalSection
EndGlobal
